<Solution>
  <Project Path="API/TaskManger.API/TaskManager.API.csproj" />
  <Project Path="Application/TaskManger.Application/TaskManager.Application.csproj" />
  <Project Path="Domain/TaskManger.Domain/TaskManager.Domain.csproj" />
  <Project Path="Infrastructure/TaskManger.Infrastructure/TaskManager.Infrastructure.csproj" />
</Solution>
