<Solution>
  <Project Path="API/TaskManger.API/TaskManger.API.csproj" />
  <Project Path="Application/TaskManger.Application/TaskManger.Application.csproj" />
  <Project Path="Domain/TaskManger.Domain/TaskManger.Domain.csproj" />
  <Project Path="Infrastructure/TaskManger.Infrastructure/TaskManger.Infrastructure.csproj" />
</Solution>
